// !$*UTF8*$!
{
	archiveVersion = 1;
	classes = {
	};
	objectVersion = 50;
	objects = {

/* Begin PBXBuildFile section */
		C83EF18325A76D18006A7D34 /* cw_12App.swift in Sources */ = {isa = PBXBuildFile; fileRef = C83EF18225A76D18006A7D34 /* cw_12App.swift */; };
		C83EF18525A76D18006A7D34 /* ContentView.swift in Sources */ = {isa = PBXBuildFile; fileRef = C83EF18425A76D18006A7D34 /* ContentView.swift */; };
		C83EF18725A76D1C006A7D34 /* Assets.xcassets in Resources */ = {isa = PBXBuildFile; fileRef = C83EF18625A76D1C006A7D34 /* Assets.xcassets */; };
		C83EF18A25A76D1C006A7D34 /* Preview Assets.xcassets in Resources */ = {isa = PBXBuildFile; fileRef = C83EF18925A76D1C006A7D34 /* Preview Assets.xcassets */; };
		C83EF19325A76DB7006A7D34 /* SecondPage.swift in Sources */ = {isa = PBXBuildFile; fileRef = C83EF19225A76DB7006A7D34 /* SecondPage.swift */; };
		C83EF19625A77B5B006A7D34 /* Env.swift in Sources */ = {isa = PBXBuildFile; fileRef = C83EF19525A77B5B006A7D34 /* Env.swift */; };
/* End PBXBuildFile section */

/* Begin PBXFileReference section */
		C83EF17F25A76D18006A7D34 /* cw-12.app */ = {isa = PBXFileReference; explicitFileType = wrapper.application; includeInIndex = 0; path = "cw-12.app"; sourceTree = BUILT_PRODUCTS_DIR; };
		C83EF18225A76D18006A7D34 /* cw_12App.swift */ = {isa = PBXFileReference; lastKnownFileType = sourcecode.swift; path = cw_12App.swift; sourceTree = "<group>"; };
		C83EF18425A76D18006A7D34 /* ContentView.swift */ = {isa = PBXFileReference; lastKnownFileType = sourcecode.swift; path = ContentView.swift; sourceTree = "<group>"; };
		C83EF18625A76D1C006A7D34 /* Assets.xcassets */ = {isa = PBXFileReference; lastKnownFileType = folder.assetcatalog; path = Assets.xcassets; sourceTree = "<group>"; };
		C83EF18925A76D1C006A7D34 /* Preview Assets.xcassets */ = {isa = PBXFileReference; lastKnownFileType = folder.assetcatalog; path = "Preview Assets.xcassets"; sourceTree = "<group>"; };
		C83EF18B25A76D1C006A7D34 /* Info.plist */ = {isa = PBXFileReference; lastKnownFileType = text.plist.xml; path = Info.plist; sourceTree = "<group>"; };
		C83EF19225A76DB7006A7D34 /* SecondPage.swift */ = {isa = PBXFileReference; lastKnownFileType = sourcecode.swift; path = SecondPage.swift; sourceTree = "<group>"; };
		C83EF19525A77B5B006A7D34 /* Env.swift */ = {isa = PBXFileReference; lastKnownFileType = sourcecode.swift; path = Env.swift; sourceTree = "<group>"; };
/* End PBXFileReference section */

/* Begin PBXFrameworksBuildPhase section */
		C83EF17C25A76D18006A7D34 /* Frameworks */ = {
			isa = PBXFrameworksBuildPhase;
			buildActionMask = 2147483647;
			files = (
			);
			runOnlyForDeploymentPostprocessing = 0;
		};
/* End PBXFrameworksBuildPhase section */

/* Begin PBXGroup section */
		C83EF17625A76D18006A7D34 = {
			isa = PBXGroup;
			children = (
				C83EF18125A76D18006A7D34 /* cw-12 */,
				C83EF18025A76D18006A7D34 /* Products */,
			);
			sourceTree = "<group>";
		};
		C83EF18025A76D18006A7D34 /* Products */ = {
			isa = PBXGroup;
			children = (
				C83EF17F25A76D18006A7D34 /* cw-12.app */,
			);
			name = Products;
			sourceTree = "<group>";
		};
		C83EF18125A76D18006A7D34 /* cw-12 */ = {
			isa = PBXGroup;
			children = (
				C83EF18225A76D18006A7D34 /* cw_12App.swift */,
				C83EF18425A76D18006A7D34 /* ContentView.swift */,
				C83EF18625A76D1C006A7D34 /* Assets.xcassets */,
				C83EF18B25A76D1C006A7D34 /* Info.plist */,
				C83EF18825A76D1C006A7D34 /* Preview Content */,
				C83EF19225A76DB7006A7D34 /* SecondPage.swift */,
				C83EF19525A77B5B006A7D34 /* Env.swift */,
			);
			path = "cw-12";
			sourceTree = "<group>";
		};
		C83EF18825A76D1C006A7D34 /* Preview Content */ = {
			isa = PBXGroup;
			children = (
				C83EF18925A76D1C006A7D34 /* Preview Assets.xcassets */,
			);
			path = "Preview Content";
			sourceTree = "<group>";
		};
/* End PBXGroup section */

/* Begin PBXNativeTarget section */
		C83EF17E25A76D18006A7D34 /* cw-12 */ = {
			isa = PBXNativeTarget;
			buildConfigurationList = C83EF18E25A76D1C006A7D34 /* Build configuration list for PBXNativeTarget "cw-12" */;
			buildPhases = (
				C83EF17B25A76D18006A7D34 /* Sources */,
				C83EF17C25A76D18006A7D34 /* Frameworks */,
				C83EF17D25A76D18006A7D34 /* Resources */,
			);
			buildRules = (
			);
			dependencies = (
			);
			name = "cw-12";
			productName = "cw-12";
			productReference = C83EF17F25A76D18006A7D34 /* cw-12.app */;
			productType = "com.apple.product-type.application";
		};
/* End PBXNativeTarget section */

/* Begin PBXProject section */
		C83EF17725A76D18006A7D34 /* Project object */ = {
			isa = PBXProject;
			attributes = {
				LastSwiftUpdateCheck = 1230;
				LastUpgradeCheck = 1230;
				TargetAttributes = {
					C83EF17E25A76D18006A7D34 = {
						CreatedOnToolsVersion = 12.3;
					};
				};
			};
			buildConfigurationList = C83EF17A25A76D18006A7D34 /* Build configuration list for PBXProject "cw-12" */;
			compatibilityVersion = "Xcode 9.3";
			developmentRegion = en;
			hasScannedForEncodings = 0;
			knownRegions = (
				en,
				Base,
			);
			mainGroup = C83EF17625A76D18006A7D34;
			productRefGroup = C83EF18025A76D18006A7D34 /* Products */;
			projectDirPath = "";
			projectRoot = "";
			targets = (
				C83EF17E25A76D18006A7D34 /* cw-12 */,
			);
		};
/* End PBXProject section */

/* Begin PBXResourcesBuildPhase section */
		C83EF17D25A76D18006A7D34 /* Resources */ = {
			isa = PBXResourcesBuildPhase;
			buildActionMask = 2147483647;
			files = (
				C83EF18A25A76D1C006A7D34 /* Preview Assets.xcassets in Resources */,
				C83EF18725A76D1C006A7D34 /* Assets.xcassets in Resources */,
			);
			runOnlyForDeploymentPostprocessing = 0;
		};
/* End PBXResourcesBuildPhase section */

/* Begin PBXSourcesBuildPhase section */
		C83EF17B25A76D18006A7D34 /* Sources */ = {
			isa = PBXSourcesBuildPhase;
			buildActionMask = 2147483647;
			files = (
				C83EF18525A76D18006A7D34 /* ContentView.swift in Sources */,
				C83EF19625A77B5B006A7D34 /* Env.swift in Sources */,
				C83EF18325A76D18006A7D34 /* cw_12App.swift in Sources */,
				C83EF19325A76DB7006A7D34 /* SecondPage.swift in Sources */,
			);
			runOnlyForDeploymentPostprocessing = 0;
		};
/* End PBXSourcesBuildPhase section */

/* Begin XCBuildConfiguration section */
		C83EF18C25A76D1C006A7D34 /* Debug */ = {
			isa = XCBuildConfiguration;
			buildSettings = {
				ALWAYS_SEARCH_USER_PATHS = NO;
				CLANG_ANALYZER_NONNULL = YES;
				CLANG_ANALYZER_NUMBER_OBJECT_CONVERSION = YES_AGGRESSIVE;
				CLANG_CXX_LANGUAGE_STANDARD = "gnu++14";
				CLANG_CXX_LIBRARY = "libc++";
				CLANG_ENABLE_MODULES = YES;
				CLANG_ENABLE_OBJC_ARC = YES;
				CLANG_ENABLE_OBJC_WEAK = YES;
				CLANG_WARN_BLOCK_CAPTURE_AUTORELEASING = YES;
				CLANG_WARN_BOOL_CONVERSION = YES;
				CLANG_WARN_COMMA = YES;
				CLANG_WARN_CONSTANT_CONVERSION = YES;
				CLANG_WARN_DEPRECATED_OBJC_IMPLEMENTATIONS = YES;
				CLANG_WARN_DIRECT_OBJC_ISA_USAGE = YES_ERROR;
				CLANG_WARN_DOCUMENTATION_COMMENTS = YES;
				CLANG_WARN_EMPTY_BODY = YES;
				CLANG_WARN_ENUM_CONVERSION = YES;
				CLANG_WARN_INFINITE_RECURSION = YES;
				CLANG_WARN_INT_CONVERSION = YES;
				CLANG_WARN_NON_LITERAL_NULL_CONVERSION = YES;
				CLANG_WARN_OBJC_IMPLICIT_RETAIN_SELF = YES;
				CLANG_WARN_OBJC_LITERAL_CONVERSION = YES;
				CLANG_WARN_OBJC_ROOT_CLASS = YES_ERROR;
				CLANG_WARN_QUOTED_INCLUDE_IN_FRAMEWORK_HEADER = YES;
				CLANG_WARN_RANGE_LOOP_ANALYSIS = YES;
				CLANG_WARN_STRICT_PROTOTYPES = YES;
				CLANG_WARN_SUSPICIOUS_MOVE = YES;
				CLANG_WARN_UNGUARDED_AVAILABILITY = YES_AGGRESSIVE;
				CLANG_WARN_UNREACHABLE_CODE = YES;
				CLANG_WARN__DUPLICATE_METHOD_MATCH = YES;
				COPY_PHASE_STRIP = NO;
				DEBUG_INFORMATION_FORMAT = dwarf;
				ENABLE_STRICT_OBJC_MSGSEND = YES;
				ENABLE_TESTABILITY = YES;
				GCC_C_LANGUAGE_STANDARD = gnu11;
				GCC_DYNAMIC_NO_PIC = NO;
				GCC_NO_COMMON_BLOCKS = YES;
				GCC_OPTIMIZATION_LEVEL = 0;
				GCC_PREPROCESSOR_DEFINITIONS = (
					"DEBUG=1",
					"$(inherited)",
				);
				GCC_WARN_64_TO_32_BIT_CONVERSION = YES;
				GCC_WARN_ABOUT_RETURN_TYPE = YES_ERROR;
				GCC_WARN_UNDECLARED_SELECTOR = YES;
				GCC_WARN_UNINITIALIZED_AUTOS = YES_AGGRESSIVE;
				GCC_WARN_UNUSED_FUNCTION = YES;
				GCC_WARN_UNUSED_VARIABLE = YES;
				IPHONEOS_DEPLOYMENT_TARGET = 14.3;
				MTL_ENABLE_DEBUG_INFO = INCLUDE_SOURCE;
				MTL_FAST_MATH = YES;
				ONLY_ACTIVE_ARCH = YES;
				SDKROOT = iphoneos;
				SWIFT_ACTIVE_COMPILATION_CONDITIONS = DEBUG;
				SWIFT_OPTIMIZATION_LEVEL = "-Onone";
			};
			name = Debug;
		};
		C83EF18D25A76D1C006A7D34 /* Release */ = {
			isa = XCBuildConfiguration;
			buildSettings = {
				ALWAYS_SEARCH_USER_PATHS = NO;
				CLANG_ANALYZER_NONNULL = YES;
				CLANG_ANALYZER_NUMBER_OBJECT_CONVERSION = YES_AGGRESSIVE;
				CLANG_CXX_LANGUAGE_STANDARD = "gnu++14";
				CLANG_CXX_LIBRARY = "libc++";
				CLANG_ENABLE_MODULES = YES;
				CLANG_ENABLE_OBJC_ARC = YES;
				CLANG_ENABLE_OBJC_WEAK = YES;
				CLANG_WARN_BLOCK_CAPTURE_AUTORELEASING = YES;
				CLANG_WARN_BOOL_CONVERSION = YES;
				CLANG_WARN_COMMA = YES;
				CLANG_WARN_CONSTANT_CONVERSION = YES;
				CLANG_WARN_DEPRECATED_OBJC_IMPLEMENTATIONS = YES;
				CLANG_WARN_DIRECT_OBJC_ISA_USAGE = YES_ERROR;
				CLANG_WARN_DOCUMENTATION_COMMENTS = YES;
				CLANG_WARN_EMPTY_BODY = YES;
				CLANG_WARN_ENUM_CONVERSION = YES;
				CLANG_WARN_INFINITE_RECURSION = YES;
				CLANG_WARN_INT_CONVERSION = YES;
				CLANG_WARN_NON_LITERAL_NULL_CONVERSION = YES;
				CLANG_WARN_OBJC_IMPLICIT_RETAIN_SELF = YES;
				CLANG_WARN_OBJC_LITERAL_CONVERSION = YES;
				CLANG_WARN_OBJC_ROOT_CLASS = YES_ERROR;
				CLANG_WARN_QUOTED_INCLUDE_IN_FRAMEWORK_HEADER = YES;
				CLANG_WARN_RANGE_LOOP_ANALYSIS = YES;
				CLANG_WARN_STRICT_PROTOTYPES = YES;
				CLANG_WARN_SUSPICIOUS_MOVE = YES;
				CLANG_WARN_UNGUARDED_AVAILABILITY = YES_AGGRESSIVE;
				CLANG_WARN_UNREACHABLE_CODE = YES;
				CLANG_WARN__DUPLICATE_METHOD_MATCH = YES;
				COPY_PHASE_STRIP = NO;
				DEBUG_INFORMATION_FORMAT = "dwarf-with-dsym";
				ENABLE_NS_ASSERTIONS = NO;
				ENABLE_STRICT_OBJC_MSGSEND = YES;
				GCC_C_LANGUAGE_STANDARD = gnu11;
				GCC_NO_COMMON_BLOCKS = YES;
				GCC_WARN_64_TO_32_BIT_CONVERSION = YES;
				GCC_WARN_ABOUT_RETURN_TYPE = YES_ERROR;
				GCC_WARN_UNDECLARED_SELECTOR = YES;
				GCC_WARN_UNINITIALIZED_AUTOS = YES_AGGRESSIVE;
				GCC_WARN_UNUSED_FUNCTION = YES;
				GCC_WARN_UNUSED_VARIABLE = YES;
				IPHONEOS_DEPLOYMENT_TARGET = 14.3;
				MTL_ENABLE_DEBUG_INFO = NO;
				MTL_FAST_MATH = YES;
				SDKROOT = iphoneos;
				SWIFT_COMPILATION_MODE = wholemodule;
				SWIFT_OPTIMIZATION_LEVEL = "-O";
				VALIDATE_PRODUCT = YES;
			};
			name = Release;
		};
		C83EF18F25A76D1C006A7D34 /* Debug */ = {
			isa = XCBuildConfiguration;
			buildSettings = {
				ASSETCATALOG_COMPILER_APPICON_NAME = AppIcon;
				ASSETCATALOG_COMPILER_GLOBAL_ACCENT_COLOR_NAME = AccentColor;
				CODE_SIGN_STYLE = Automatic;
				DEVELOPMENT_ASSET_PATHS = "\"cw-12/Preview Content\"";
				DEVELOPMENT_TEAM = 5HY75JQER7;
				ENABLE_PREVIEWS = YES;
				INFOPLIST_FILE = "cw-12/Info.plist";
				IPHONEOS_DEPLOYMENT_TARGET = 14.0;
				LD_RUNPATH_SEARCH_PATHS = (
					"$(inherited)",
					"@executable_path/Frameworks",
				);
				PRODUCT_BUNDLE_IDENTIFIER = "com.A7mad97.cw-12";
				PRODUCT_NAME = "$(TARGET_NAME)";
				SWIFT_VERSION = 5.0;
				TARGETED_DEVICE_FAMILY = "1,2";
			};
			name = Debug;
		};
		C83EF19025A76D1C006A7D34 /* Release */ = {
			isa = XCBuildConfiguration;
			buildSettings = {
				ASSETCATALOG_COMPILER_APPICON_NAME = AppIcon;
				ASSETCATALOG_COMPILER_GLOBAL_ACCENT_COLOR_NAME = AccentColor;
				CODE_SIGN_STYLE = Automatic;
				DEVELOPMENT_ASSET_PATHS = "\"cw-12/Preview Content\"";
				DEVELOPMENT_TEAM = 5HY75JQER7;
				ENABLE_PREVIEWS = YES;
				INFOPLIST_FILE = "cw-12/Info.plist";
				IPHONEOS_DEPLOYMENT_TARGET = 14.0;
				LD_RUNPATH_SEARCH_PATHS = (
					"$(inherited)",
					"@executable_path/Frameworks",
				);
				PRODUCT_BUNDLE_IDENTIFIER = "com.A7mad97.cw-12";
				PRODUCT_NAME = "$(TARGET_NAME)";
				SWIFT_VERSION = 5.0;
				TARGETED_DEVICE_FAMILY = "1,2";
			};
			name = Release;
		};
/* End XCBuildConfiguration section */

/* Begin XCConfigurationList section */
		C83EF17A25A76D18006A7D34 /* Build configuration list for PBXProject "cw-12" */ = {
			isa = XCConfigurationList;
			buildConfigurations = (
				C83EF18C25A76D1C006A7D34 /* Debug */,
				C83EF18D25A76D1C006A7D34 /* Release */,
			);
			defaultConfigurationIsVisible = 0;
			defaultConfigurationName = Release;
		};
		C83EF18E25A76D1C006A7D34 /* Build configuration list for PBXNativeTarget "cw-12" */ = {
			isa = XCConfigurationList;
			buildConfigurations = (
				C83EF18F25A76D1C006A7D34 /* Debug */,
				C83EF19025A76D1C006A7D34 /* Release */,
			);
			defaultConfigurationIsVisible = 0;
			defaultConfigurationName = Release;
		};
/* End XCConfigurationList section */
	};
	rootObject = C83EF17725A76D18006A7D34 /* Project object */;
}
